
Microsoft Visual Studio Solution File, Format Version 12.00
# Visual Studio 15
VisualStudioVersion = 15.0.28307.438
MinimumVisualStudioVersion = 10.0.40219.1
Project("{FAE04EC0-301F-11D3-BF4B-00C04F79EFBC}") = "TestGit", "TestGit\TestGit.csproj", "{C9ED63E4-994B-4B06-B405-3487582A528D}"
EndProject
Global
	GlobalSection(SolutionConfigurationPlatforms) = preSolution
		Debug|Any CPU = Debug|Any CPU
		Release|Any CPU = Release|Any CPU
	EndGlobalSection
	GlobalSection(ProjectConfigurationPlatforms) = postSolution
		{C9ED63E4-994B-4B06-B405-3487582A528D}.Debug|Any CPU.ActiveCfg = Debug|Any CPU
		{C9ED63E4-994B-4B06-B405-3487582A528D}.Debug|Any CPU.Build.0 = Debug|Any CPU
		{C9ED63E4-994B-4B06-B405-3487582A528D}.Release|Any CPU.ActiveCfg = Release|Any CPU
		{C9ED63E4-994B-4B06-B405-3487582A528D}.Release|Any CPU.Build.0 = Release|Any CPU
	EndGlobalSection
	GlobalSection(SolutionProperties) = preSolution
		HideSolutionNode = FALSE
	EndGlobalSection
	GlobalSection(ExtensibilityGlobals) = postSolution
		SolutionGuid = {1B6D4984-20A1-458C-ADEB-A9D4A01CBE9D}
	EndGlobalSection
EndGlobal
